
Microsoft Visual Studio Solution File, Format Version 12.00
# Visual Studio Version 17
VisualStudioVersion = 17.9.34701.34
MinimumVisualStudioVersion = 10.0.40219.1
Project("{FAE04EC0-301F-11D3-BF4B-00C04F79EFBC}") = "ST10390916_CLDV_POE", "ST10390916_CLDV_POE.csproj", "{E196A356-9DEE-48A5-9957-E4F328A90332}"
EndProject
Global
	GlobalSection(SolutionConfigurationPlatforms) = preSolution
		Debug|Any CPU = Debug|Any CPU
		Release|Any CPU = Release|Any CPU
	EndGlobalSection
	GlobalSection(ProjectConfigurationPlatforms) = postSolution
		{E196A356-9DEE-48A5-9957-E4F328A90332}.Debug|Any CPU.ActiveCfg = Debug|Any CPU
		{E196A356-9DEE-48A5-9957-E4F328A90332}.Debug|Any CPU.Build.0 = Debug|Any CPU
		{E196A356-9DEE-48A5-9957-E4F328A90332}.Release|Any CPU.ActiveCfg = Release|Any CPU
		{E196A356-9DEE-48A5-9957-E4F328A90332}.Release|Any CPU.Build.0 = Release|Any CPU
	EndGlobalSection
	GlobalSection(SolutionProperties) = preSolution
		HideSolutionNode = FALSE
	EndGlobalSection
	GlobalSection(ExtensibilityGlobals) = postSolution
		SolutionGuid = {B513AD22-7748-44F2-8968-AEE0CB44FFAC}
	EndGlobalSection
EndGlobal
